%{"amnesia": {:git, "git://github.com/meh/amnesia.git", "9837a0415d8480784224ad7a9d80af45075de0fc", []},
  "exirc": {:hex, :exirc, "0.9.1"},
  "exquisite": {:hex, :exquisite, "0.1.4"},
  "hackney": {:hex, :hackney, "1.1.0"},
  "httpoison": {:hex, :httpoison, "0.6.2"},
  "idna": {:hex, :idna, "1.0.2"},
  "meck": {:hex, :meck, "0.8.2"},
  "mock": {:hex, :mock, "0.1.1"},
  "poison": {:hex, :poison, "1.4.0"},
  "ssl_verify_hostname": {:hex, :ssl_verify_hostname, "1.0.4"}}
