%{"amnesia": {:git, "git://github.com/meh/amnesia.git", "9837a0415d8480784224ad7a9d80af45075de0fc", []},
  "decimal": {:hex, :decimal, "1.1.0"},
  "ecto": {:git, "git://github.com/elixir-lang/ecto.git", "1e26408b47bef0c5e517a102bdab404e13f8a297", [tag: "v0.11.3"]},
  "erlubi": {:git, "git://github.com/krestenkrab/erlubi.git", "644fd0102c4a7a777f1e6aa8cc4c1b7c5287c2fd", []},
  "ex2ms": {:hex, :ex2ms, "1.3.0"},
  "ex_rated": {:hex, :ex_rated, "0.0.5"},
  "exirc": {:hex, :exirc, "0.9.2"},
  "exjsx": {:git, "git://github.com/talentdeficit/exjsx.git", "53db5d995b1b070e3883381e9acb195969137f67", []},
  "exquisite": {:hex, :exquisite, "0.1.4"},
  "hackney": {:hex, :hackney, "1.1.0"},
  "httpoison": {:hex, :httpoison, "0.6.2"},
  "idna": {:hex, :idna, "1.0.2"},
  "jsex": {:git, "git://github.com/talentdeficit/exjsx.git", "53db5d995b1b070e3883381e9acb195969137f67", []},
  "jsx": {:hex, :jsx, "2.6.2"},
  "meck": {:hex, :meck, "0.8.2"},
  "mock": {:hex, :mock, "0.1.1"},
  "poison": {:hex, :poison, "1.4.0"},
  "poolboy": {:hex, :poolboy, "1.5.1"},
  "postgrex": {:hex, :postgrex, "0.8.2"},
  "ssl_verify_hostname": {:hex, :ssl_verify_hostname, "1.0.4"},
  "xmlrpc": {:git, "http://github.com/etnt/xmlrpc", "a60831ac7d9a82c82986afeae5ae5652b323e1e1", [branch: "master"]}}
